// !$*UTF8*$!
{
	archiveVersion = 1;
	classes = {
	};
	objectVersion = 77;
	objects = {

/* Begin PBXBuildFile section */
		2612C8B72EF0B78000D9F626 /* ExerciseStats.swift in Sources */ = {isa = PBXBuildFile; fileRef = 2612C8B62EF0B77B00D9F626 /* ExerciseStats.swift */; };
		2612C8B92EF0B7AC00D9F626 /* PersonalBest.swift in Sources */ = {isa = PBXBuildFile; fileRef = 2612C8B82EF0B7A700D9F626 /* PersonalBest.swift */; };
		2612C8BB2EF0B7C600D9F626 /* DataPoint.swift in Sources */ = {isa = PBXBuildFile; fileRef = 2612C8BA2EF0B7C000D9F626 /* DataPoint.swift */; };
		2612C8C72EF1AA3C00D9F626 /* WorkoutRepository.swift in Sources */ = {isa = PBXBuildFile; fileRef = 2612C8C62EF1A9FD00D9F626 /* WorkoutRepository.swift */; };
		2612C8C82EF1AA4100D9F626 /* WorkoutRepositoryProtocol.swift in Sources */ = {isa = PBXBuildFile; fileRef = 2612C8C42EF1A9A300D9F626 /* WorkoutRepositoryProtocol.swift */; };
		2612C8C92EF1AA4600D9F626 /* LocalDataSource.swift in Sources */ = {isa = PBXBuildFile; fileRef = 2612C8C52EF1A9D100D9F626 /* LocalDataSource.swift */; };
		262113E22EE0C15C00A041AD /* Font+Extension.swift in Sources */ = {isa = PBXBuildFile; fileRef = 262113E12EE0C12500A041AD /* Font+Extension.swift */; };
		262113E62EE0C76900A041AD /* WorkoutTemplate.swift in Sources */ = {isa = PBXBuildFile; fileRef = 262113E52EE0C76600A041AD /* WorkoutTemplate.swift */; };
		262113E82EE0C77A00A041AD /* WorkoutSession.swift in Sources */ = {isa = PBXBuildFile; fileRef = 262113E72EE0C77700A041AD /* WorkoutSession.swift */; };
		262113FD2EE0D9AF00A041AD /* WorkoutLoggingView.swift in Sources */ = {isa = PBXBuildFile; fileRef = 262113FC2EE0D9A900A041AD /* WorkoutLoggingView.swift */; };
		262479342EE1D44A0029083B /* DummyData.swift in Sources */ = {isa = PBXBuildFile; fileRef = 262479332EE1D4470029083B /* DummyData.swift */; };
		262479362EE1DB330029083B /* TemplatesView.swift in Sources */ = {isa = PBXBuildFile; fileRef = 262479352EE1DB2F0029083B /* TemplatesView.swift */; };
		262479382EE1DB510029083B /* CreateEditTemplateView.swift in Sources */ = {isa = PBXBuildFile; fileRef = 262479372EE1DB4C0029083B /* CreateEditTemplateView.swift */; };
		2661CD862EE77D8000867E4D /* UserInitialsButton.swift in Sources */ = {isa = PBXBuildFile; fileRef = 2661CD852EE77D7F00867E4D /* UserInitialsButton.swift */; };
		2661CD882EE77D8500867E4D /* SearchButton.swift in Sources */ = {isa = PBXBuildFile; fileRef = 2661CD872EE77D8500867E4D /* SearchButton.swift */; };
		2661CD8A2EE77D8C00867E4D /* AddButton.swift in Sources */ = {isa = PBXBuildFile; fileRef = 2661CD892EE77D8C00867E4D /* AddButton.swift */; };
		2661CD8C2EE77D9400867E4D /* SaveButton.swift in Sources */ = {isa = PBXBuildFile; fileRef = 2661CD8B2EE77D9400867E4D /* SaveButton.swift */; };
		2661CD8E2EE77D9A00867E4D /* CancelButton.swift in Sources */ = {isa = PBXBuildFile; fileRef = 2661CD8D2EE77D9A00867E4D /* CancelButton.swift */; };
		2661CD902EE77DA100867E4D /* BackButton.swift in Sources */ = {isa = PBXBuildFile; fileRef = 2661CD8F2EE77DA100867E4D /* BackButton.swift */; };
		2661CD922EE77DA700867E4D /* MenuButton.swift in Sources */ = {isa = PBXBuildFile; fileRef = 2661CD912EE77DA700867E4D /* MenuButton.swift */; };
		2661CD942EE77DAD00867E4D /* DoneButton.swift in Sources */ = {isa = PBXBuildFile; fileRef = 2661CD932EE77DAD00867E4D /* DoneButton.swift */; };
		2661CD962EE77DB800867E4D /* HeaderTitle.swift in Sources */ = {isa = PBXBuildFile; fileRef = 2661CD952EE77DB800867E4D /* HeaderTitle.swift */; };
		2661CD982EE77DD200867E4D /* ToolbarConfig.swift in Sources */ = {isa = PBXBuildFile; fileRef = 2661CD972EE77DD200867E4D /* ToolbarConfig.swift */; };
		2661CD9F2EE7C61E00867E4D /* ActionButton.swift in Sources */ = {isa = PBXBuildFile; fileRef = 2661CD9E2EE7C61B00867E4D /* ActionButton.swift */; };
		268A6A802EF49F16000844F7 /* SyncEngine.swift in Sources */ = {isa = PBXBuildFile; fileRef = 268A6A7F2EF49F11000844F7 /* SyncEngine.swift */; };
		268A6A832EF4A124000844F7 /* CloudDataSource.swift in Sources */ = {isa = PBXBuildFile; fileRef = 268A6A822EF4A121000844F7 /* CloudDataSource.swift */; };
		269686F42EE1E5FA00CEFB6F /* ExerciseDetailView.swift in Sources */ = {isa = PBXBuildFile; fileRef = 269686F32EE1E5F600CEFB6F /* ExerciseDetailView.swift */; };
		269686F62EE1E60700CEFB6F /* ProgressView.swift in Sources */ = {isa = PBXBuildFile; fileRef = 269686F52EE1E60500CEFB6F /* ProgressView.swift */; };
		269686F82EE1E64D00CEFB6F /* ProgressCalculations.swift in Sources */ = {isa = PBXBuildFile; fileRef = 269686F72EE1E64800CEFB6F /* ProgressCalculations.swift */; };
		269686FB2EE21F1400CEFB6F /* WorkoutManagers.swift in Sources */ = {isa = PBXBuildFile; fileRef = 269686FA2EE21DB900CEFB6F /* WorkoutManagers.swift */; };
		26AE90CD2EDF715800B2BE71 /* upliftApp.swift in Sources */ = {isa = PBXBuildFile; fileRef = 26AE90CC2EDF715800B2BE71 /* upliftApp.swift */; };
		26AE90CF2EDF715800B2BE71 /* ContentView.swift in Sources */ = {isa = PBXBuildFile; fileRef = 26AE90CE2EDF715800B2BE71 /* ContentView.swift */; };
		26AE90D12EDF715C00B2BE71 /* Assets.xcassets in Resources */ = {isa = PBXBuildFile; fileRef = 26AE90D02EDF715C00B2BE71 /* Assets.xcassets */; };
		26AE90DC2EE0A58800B2BE71 /* Exercise.swift in Sources */ = {isa = PBXBuildFile; fileRef = 26AE90D92EE0A3DC00B2BE71 /* Exercise.swift */; };
		26AE90DD2EE0A59200B2BE71 /* WorkoutSet.swift in Sources */ = {isa = PBXBuildFile; fileRef = 26AE90DB2EE0A4F500B2BE71 /* WorkoutSet.swift */; };
		26AE90E22EE0A74400B2BE71 /* HomeView.swift in Sources */ = {isa = PBXBuildFile; fileRef = 26AE90E12EE0A6E900B2BE71 /* HomeView.swift */; };
		26D5EB742EE34AC400042FA0 /* GradientBorder.swift in Sources */ = {isa = PBXBuildFile; fileRef = 26D5EB732EE34AC100042FA0 /* GradientBorder.swift */; };
/* End PBXBuildFile section */

/* Begin PBXFileReference section */
		2612C8B62EF0B77B00D9F626 /* ExerciseStats.swift */ = {isa = PBXFileReference; lastKnownFileType = sourcecode.swift; path = ExerciseStats.swift; sourceTree = "<group>"; };
		2612C8B82EF0B7A700D9F626 /* PersonalBest.swift */ = {isa = PBXFileReference; lastKnownFileType = sourcecode.swift; path = PersonalBest.swift; sourceTree = "<group>"; };
		2612C8BA2EF0B7C000D9F626 /* DataPoint.swift */ = {isa = PBXFileReference; lastKnownFileType = sourcecode.swift; path = DataPoint.swift; sourceTree = "<group>"; };
		2612C8C42EF1A9A300D9F626 /* WorkoutRepositoryProtocol.swift */ = {isa = PBXFileReference; lastKnownFileType = sourcecode.swift; path = WorkoutRepositoryProtocol.swift; sourceTree = "<group>"; };
		2612C8C52EF1A9D100D9F626 /* LocalDataSource.swift */ = {isa = PBXFileReference; lastKnownFileType = sourcecode.swift; path = LocalDataSource.swift; sourceTree = "<group>"; };
		2612C8C62EF1A9FD00D9F626 /* WorkoutRepository.swift */ = {isa = PBXFileReference; lastKnownFileType = sourcecode.swift; path = WorkoutRepository.swift; sourceTree = "<group>"; };
		262113E12EE0C12500A041AD /* Font+Extension.swift */ = {isa = PBXFileReference; lastKnownFileType = sourcecode.swift; path = "Font+Extension.swift"; sourceTree = "<group>"; };
		262113E52EE0C76600A041AD /* WorkoutTemplate.swift */ = {isa = PBXFileReference; lastKnownFileType = sourcecode.swift; path = WorkoutTemplate.swift; sourceTree = "<group>"; };
		262113E72EE0C77700A041AD /* WorkoutSession.swift */ = {isa = PBXFileReference; lastKnownFileType = sourcecode.swift; path = WorkoutSession.swift; sourceTree = "<group>"; };
		262113FC2EE0D9A900A041AD /* WorkoutLoggingView.swift */ = {isa = PBXFileReference; lastKnownFileType = sourcecode.swift; path = WorkoutLoggingView.swift; sourceTree = "<group>"; };
		262479332EE1D4470029083B /* DummyData.swift */ = {isa = PBXFileReference; lastKnownFileType = sourcecode.swift; path = DummyData.swift; sourceTree = "<group>"; };
		262479352EE1DB2F0029083B /* TemplatesView.swift */ = {isa = PBXFileReference; lastKnownFileType = sourcecode.swift; path = TemplatesView.swift; sourceTree = "<group>"; };
		262479372EE1DB4C0029083B /* CreateEditTemplateView.swift */ = {isa = PBXFileReference; lastKnownFileType = sourcecode.swift; path = CreateEditTemplateView.swift; sourceTree = "<group>"; };
		263EC2D52EF39546009768DA /* uplift.entitlements */ = {isa = PBXFileReference; lastKnownFileType = text.plist.entitlements; path = uplift.entitlements; sourceTree = "<group>"; };
		2661CD852EE77D7F00867E4D /* UserInitialsButton.swift */ = {isa = PBXFileReference; lastKnownFileType = sourcecode.swift; path = UserInitialsButton.swift; sourceTree = "<group>"; };
		2661CD872EE77D8500867E4D /* SearchButton.swift */ = {isa = PBXFileReference; lastKnownFileType = sourcecode.swift; path = SearchButton.swift; sourceTree = "<group>"; };
		2661CD892EE77D8C00867E4D /* AddButton.swift */ = {isa = PBXFileReference; lastKnownFileType = sourcecode.swift; path = AddButton.swift; sourceTree = "<group>"; };
		2661CD8B2EE77D9400867E4D /* SaveButton.swift */ = {isa = PBXFileReference; lastKnownFileType = sourcecode.swift; path = SaveButton.swift; sourceTree = "<group>"; };
		2661CD8D2EE77D9A00867E4D /* CancelButton.swift */ = {isa = PBXFileReference; lastKnownFileType = sourcecode.swift; path = CancelButton.swift; sourceTree = "<group>"; };
		2661CD8F2EE77DA100867E4D /* BackButton.swift */ = {isa = PBXFileReference; lastKnownFileType = sourcecode.swift; path = BackButton.swift; sourceTree = "<group>"; };
		2661CD912EE77DA700867E4D /* MenuButton.swift */ = {isa = PBXFileReference; lastKnownFileType = sourcecode.swift; path = MenuButton.swift; sourceTree = "<group>"; };
		2661CD932EE77DAD00867E4D /* DoneButton.swift */ = {isa = PBXFileReference; lastKnownFileType = sourcecode.swift; path = DoneButton.swift; sourceTree = "<group>"; };
		2661CD952EE77DB800867E4D /* HeaderTitle.swift */ = {isa = PBXFileReference; lastKnownFileType = sourcecode.swift; path = HeaderTitle.swift; sourceTree = "<group>"; };
		2661CD972EE77DD200867E4D /* ToolbarConfig.swift */ = {isa = PBXFileReference; lastKnownFileType = sourcecode.swift; path = ToolbarConfig.swift; sourceTree = "<group>"; };
		2661CD9E2EE7C61B00867E4D /* ActionButton.swift */ = {isa = PBXFileReference; lastKnownFileType = sourcecode.swift; path = ActionButton.swift; sourceTree = "<group>"; };
		268A6A7F2EF49F11000844F7 /* SyncEngine.swift */ = {isa = PBXFileReference; lastKnownFileType = sourcecode.swift; path = SyncEngine.swift; sourceTree = "<group>"; };
		268A6A822EF4A121000844F7 /* CloudDataSource.swift */ = {isa = PBXFileReference; lastKnownFileType = sourcecode.swift; path = CloudDataSource.swift; sourceTree = "<group>"; };
		269686F32EE1E5F600CEFB6F /* ExerciseDetailView.swift */ = {isa = PBXFileReference; lastKnownFileType = sourcecode.swift; path = ExerciseDetailView.swift; sourceTree = "<group>"; };
		269686F52EE1E60500CEFB6F /* ProgressView.swift */ = {isa = PBXFileReference; lastKnownFileType = sourcecode.swift; path = ProgressView.swift; sourceTree = "<group>"; };
		269686F72EE1E64800CEFB6F /* ProgressCalculations.swift */ = {isa = PBXFileReference; lastKnownFileType = sourcecode.swift; path = ProgressCalculations.swift; sourceTree = "<group>"; };
		269686FA2EE21DB900CEFB6F /* WorkoutManagers.swift */ = {isa = PBXFileReference; lastKnownFileType = sourcecode.swift; path = WorkoutManagers.swift; sourceTree = "<group>"; };
		26AE90C92EDF715800B2BE71 /* uplift.app */ = {isa = PBXFileReference; explicitFileType = wrapper.application; includeInIndex = 0; path = uplift.app; sourceTree = BUILT_PRODUCTS_DIR; };
		26AE90CC2EDF715800B2BE71 /* upliftApp.swift */ = {isa = PBXFileReference; lastKnownFileType = sourcecode.swift; path = upliftApp.swift; sourceTree = "<group>"; };
		26AE90CE2EDF715800B2BE71 /* ContentView.swift */ = {isa = PBXFileReference; lastKnownFileType = sourcecode.swift; path = ContentView.swift; sourceTree = "<group>"; };
		26AE90D02EDF715C00B2BE71 /* Assets.xcassets */ = {isa = PBXFileReference; lastKnownFileType = folder.assetcatalog; path = Assets.xcassets; sourceTree = "<group>"; };
		26AE90D92EE0A3DC00B2BE71 /* Exercise.swift */ = {isa = PBXFileReference; lastKnownFileType = sourcecode.swift; path = Exercise.swift; sourceTree = "<group>"; };
		26AE90DB2EE0A4F500B2BE71 /* WorkoutSet.swift */ = {isa = PBXFileReference; lastKnownFileType = sourcecode.swift; path = WorkoutSet.swift; sourceTree = "<group>"; };
		26AE90E12EE0A6E900B2BE71 /* HomeView.swift */ = {isa = PBXFileReference; lastKnownFileType = sourcecode.swift; path = HomeView.swift; sourceTree = "<group>"; };
		26D5EB732EE34AC100042FA0 /* GradientBorder.swift */ = {isa = PBXFileReference; lastKnownFileType = sourcecode.swift; path = GradientBorder.swift; sourceTree = "<group>"; };
/* End PBXFileReference section */

/* Begin PBXFrameworksBuildPhase section */
		26AE90C62EDF715800B2BE71 /* Frameworks */ = {
			isa = PBXFrameworksBuildPhase;
			buildActionMask = 2147483647;
			files = (
			);
			runOnlyForDeploymentPostprocessing = 0;
		};
/* End PBXFrameworksBuildPhase section */

/* Begin PBXGroup section */
		2612C8A12EF0AFCE00D9F626 /* Core */ = {
			isa = PBXGroup;
			children = (
				2612C8B32EF0B2CF00D9F626 /* Utilities */,
				2612C8A22EF0AFDB00D9F626 /* DesignSystem */,
			);
			path = Core;
			sourceTree = "<group>";
		};
		2612C8A22EF0AFDB00D9F626 /* DesignSystem */ = {
			isa = PBXGroup;
			children = (
				2612C8A62EF0B00200D9F626 /* Layout */,
				2612C8A52EF0AFFD00D9F626 /* Typography */,
				2612C8A32EF0AFE800D9F626 /* Components */,
			);
			path = DesignSystem;
			sourceTree = "<group>";
		};
		2612C8A32EF0AFE800D9F626 /* Components */ = {
			isa = PBXGroup;
			children = (
				2612C8A42EF0AFEF00D9F626 /* Buttons */,
			);
			path = Components;
			sourceTree = "<group>";
		};
		2612C8A42EF0AFEF00D9F626 /* Buttons */ = {
			isa = PBXGroup;
			children = (
				2661CD852EE77D7F00867E4D /* UserInitialsButton.swift */,
				2661CD872EE77D8500867E4D /* SearchButton.swift */,
				2661CD892EE77D8C00867E4D /* AddButton.swift */,
				2661CD8B2EE77D9400867E4D /* SaveButton.swift */,
				2661CD8D2EE77D9A00867E4D /* CancelButton.swift */,
				2661CD8F2EE77DA100867E4D /* BackButton.swift */,
				2661CD912EE77DA700867E4D /* MenuButton.swift */,
				2661CD9E2EE7C61B00867E4D /* ActionButton.swift */,
				2661CD932EE77DAD00867E4D /* DoneButton.swift */,
			);
			path = Buttons;
			sourceTree = "<group>";
		};
		2612C8A52EF0AFFD00D9F626 /* Typography */ = {
			isa = PBXGroup;
			children = (
				262113E12EE0C12500A041AD /* Font+Extension.swift */,
			);
			path = Typography;
			sourceTree = "<group>";
		};
		2612C8A62EF0B00200D9F626 /* Layout */ = {
			isa = PBXGroup;
			children = (
				26D5EB732EE34AC100042FA0 /* GradientBorder.swift */,
				2661CD972EE77DD200867E4D /* ToolbarConfig.swift */,
				2661CD952EE77DB800867E4D /* HeaderTitle.swift */,
			);
			path = Layout;
			sourceTree = "<group>";
		};
		2612C8A72EF0B0C600D9F626 /* Features */ = {
			isa = PBXGroup;
			children = (
				2612C8AB2EF0B0E700D9F626 /* Workout */,
				2612C8AA2EF0B0E100D9F626 /* Progress */,
				2612C8A92EF0B0DB00D9F626 /* Templates */,
				2612C8A82EF0B0D300D9F626 /* Home */,
			);
			path = Features;
			sourceTree = "<group>";
		};
		2612C8A82EF0B0D300D9F626 /* Home */ = {
			isa = PBXGroup;
			children = (
				2612C8AF2EF0B10800D9F626 /* Views */,
			);
			path = Home;
			sourceTree = "<group>";
		};
		2612C8A92EF0B0DB00D9F626 /* Templates */ = {
			isa = PBXGroup;
			children = (
				2612C8AE2EF0B0FC00D9F626 /* Views */,
			);
			path = Templates;
			sourceTree = "<group>";
		};
		2612C8AA2EF0B0E100D9F626 /* Progress */ = {
			isa = PBXGroup;
			children = (
				2612C8AD2EF0B0F800D9F626 /* Views */,
			);
			path = Progress;
			sourceTree = "<group>";
		};
		2612C8AB2EF0B0E700D9F626 /* Workout */ = {
			isa = PBXGroup;
			children = (
				2612C8AC2EF0B0F400D9F626 /* Views */,
			);
			path = Workout;
			sourceTree = "<group>";
		};
		2612C8AC2EF0B0F400D9F626 /* Views */ = {
			isa = PBXGroup;
			children = (
				262113FC2EE0D9A900A041AD /* WorkoutLoggingView.swift */,
			);
			path = Views;
			sourceTree = "<group>";
		};
		2612C8AD2EF0B0F800D9F626 /* Views */ = {
			isa = PBXGroup;
			children = (
				269686F32EE1E5F600CEFB6F /* ExerciseDetailView.swift */,
				269686F52EE1E60500CEFB6F /* ProgressView.swift */,
			);
			path = Views;
			sourceTree = "<group>";
		};
		2612C8AE2EF0B0FC00D9F626 /* Views */ = {
			isa = PBXGroup;
			children = (
				262479372EE1DB4C0029083B /* CreateEditTemplateView.swift */,
				262479352EE1DB2F0029083B /* TemplatesView.swift */,
			);
			path = Views;
			sourceTree = "<group>";
		};
		2612C8AF2EF0B10800D9F626 /* Views */ = {
			isa = PBXGroup;
			children = (
				26AE90E12EE0A6E900B2BE71 /* HomeView.swift */,
			);
			path = Views;
			sourceTree = "<group>";
		};
		2612C8B02EF0B24900D9F626 /* Domain */ = {
			isa = PBXGroup;
			children = (
				2612C8B22EF0B25A00D9F626 /* ValueObjects */,
				2612C8B12EF0B25500D9F626 /* Models */,
			);
			path = Domain;
			sourceTree = "<group>";
		};
		2612C8B12EF0B25500D9F626 /* Models */ = {
			isa = PBXGroup;
			children = (
				26AE90DB2EE0A4F500B2BE71 /* WorkoutSet.swift */,
				26AE90D92EE0A3DC00B2BE71 /* Exercise.swift */,
				262113E52EE0C76600A041AD /* WorkoutTemplate.swift */,
				262113E72EE0C77700A041AD /* WorkoutSession.swift */,
			);
			path = Models;
			sourceTree = "<group>";
		};
		2612C8B22EF0B25A00D9F626 /* ValueObjects */ = {
			isa = PBXGroup;
			children = (
				2612C8B82EF0B7A700D9F626 /* PersonalBest.swift */,
				2612C8B62EF0B77B00D9F626 /* ExerciseStats.swift */,
				2612C8BA2EF0B7C000D9F626 /* DataPoint.swift */,
			);
			path = ValueObjects;
			sourceTree = "<group>";
		};
		2612C8B32EF0B2CF00D9F626 /* Utilities */ = {
			isa = PBXGroup;
			children = (
				2612C8B52EF0B2DA00D9F626 /* Extensions */,
				2612C8B42EF0B2D600D9F626 /* Helpers */,
			);
			path = Utilities;
			sourceTree = "<group>";
		};
		2612C8B42EF0B2D600D9F626 /* Helpers */ = {
			isa = PBXGroup;
			children = (
				269686F72EE1E64800CEFB6F /* ProgressCalculations.swift */,
			);
			path = Helpers;
			sourceTree = "<group>";
		};
		2612C8B52EF0B2DA00D9F626 /* Extensions */ = {
			isa = PBXGroup;
			children = (
			);
			path = Extensions;
			sourceTree = "<group>";
		};
		2612C8BE2EF1A8BD00D9F626 /* Data */ = {
			isa = PBXGroup;
			children = (
				268A6A7E2EF49F00000844F7 /* Sync */,
				2612C8C22EF1A8E400D9F626 /* DataSources */,
				2612C8BF2EF1A8C600D9F626 /* Repository */,
			);
			path = Data;
			sourceTree = "<group>";
		};
		2612C8BF2EF1A8C600D9F626 /* Repository */ = {
			isa = PBXGroup;
			children = (
				2612C8C12EF1A8D700D9F626 /* Implementation */,
				2612C8C02EF1A8D000D9F626 /* Protocol */,
			);
			path = Repository;
			sourceTree = "<group>";
		};
		2612C8C02EF1A8D000D9F626 /* Protocol */ = {
			isa = PBXGroup;
			children = (
				2612C8C42EF1A9A300D9F626 /* WorkoutRepositoryProtocol.swift */,
			);
			path = Protocol;
			sourceTree = "<group>";
		};
		2612C8C12EF1A8D700D9F626 /* Implementation */ = {
			isa = PBXGroup;
			children = (
				2612C8C62EF1A9FD00D9F626 /* WorkoutRepository.swift */,
			);
			path = Implementation;
			sourceTree = "<group>";
		};
		2612C8C22EF1A8E400D9F626 /* DataSources */ = {
			isa = PBXGroup;
			children = (
				268A6A812EF4A117000844F7 /* Remote */,
				2612C8C32EF1A8EF00D9F626 /* Local */,
			);
			path = DataSources;
			sourceTree = "<group>";
		};
		2612C8C32EF1A8EF00D9F626 /* Local */ = {
			isa = PBXGroup;
			children = (
				2612C8C52EF1A9D100D9F626 /* LocalDataSource.swift */,
			);
			path = Local;
			sourceTree = "<group>";
		};
		262113DE2EE0C10800A041AD /* Utilities */ = {
			isa = PBXGroup;
			children = (
				262113DF2EE0C11100A041AD /* Extensions */,
			);
			path = Utilities;
			sourceTree = "<group>";
		};
		262113DF2EE0C11100A041AD /* Extensions */ = {
			isa = PBXGroup;
			children = (
			);
			path = Extensions;
			sourceTree = "<group>";
		};
		268A6A7E2EF49F00000844F7 /* Sync */ = {
			isa = PBXGroup;
			children = (
				268A6A7F2EF49F11000844F7 /* SyncEngine.swift */,
			);
			path = Sync;
			sourceTree = "<group>";
		};
		268A6A812EF4A117000844F7 /* Remote */ = {
			isa = PBXGroup;
			children = (
				268A6A822EF4A121000844F7 /* CloudDataSource.swift */,
			);
			path = Remote;
			sourceTree = "<group>";
		};
		269686F92EE21DAF00CEFB6F /* Managers */ = {
			isa = PBXGroup;
			children = (
				269686FA2EE21DB900CEFB6F /* WorkoutManagers.swift */,
			);
			path = Managers;
			sourceTree = "<group>";
		};
		26AE90C02EDF715800B2BE71 = {
			isa = PBXGroup;
			children = (
				263EC2D52EF39546009768DA /* uplift.entitlements */,
				2612C8BE2EF1A8BD00D9F626 /* Data */,
				2612C8B02EF0B24900D9F626 /* Domain */,
				2612C8A72EF0B0C600D9F626 /* Features */,
				2612C8A12EF0AFCE00D9F626 /* Core */,
				269686F92EE21DAF00CEFB6F /* Managers */,
				262479332EE1D4470029083B /* DummyData.swift */,
				262113DE2EE0C10800A041AD /* Utilities */,
				26AE90D02EDF715C00B2BE71 /* Assets.xcassets */,
				26AE90CE2EDF715800B2BE71 /* ContentView.swift */,
				26AE90CC2EDF715800B2BE71 /* upliftApp.swift */,
				26AE90CA2EDF715800B2BE71 /* Products */,
			);
			sourceTree = "<group>";
		};
		26AE90CA2EDF715800B2BE71 /* Products */ = {
			isa = PBXGroup;
			children = (
				26AE90C92EDF715800B2BE71 /* uplift.app */,
			);
			name = Products;
			sourceTree = "<group>";
		};
/* End PBXGroup section */

/* Begin PBXNativeTarget section */
		26AE90C82EDF715800B2BE71 /* uplift */ = {
			isa = PBXNativeTarget;
			buildConfigurationList = 26AE90D42EDF715C00B2BE71 /* Build configuration list for PBXNativeTarget "uplift" */;
			buildPhases = (
				26AE90C52EDF715800B2BE71 /* Sources */,
				26AE90C62EDF715800B2BE71 /* Frameworks */,
				26AE90C72EDF715800B2BE71 /* Resources */,
			);
			buildRules = (
			);
			dependencies = (
			);
			name = uplift;
			packageProductDependencies = (
			);
			productName = uplift;
			productReference = 26AE90C92EDF715800B2BE71 /* uplift.app */;
			productType = "com.apple.product-type.application";
		};
/* End PBXNativeTarget section */

/* Begin PBXProject section */
		26AE90C12EDF715800B2BE71 /* Project object */ = {
			isa = PBXProject;
			attributes = {
				BuildIndependentTargetsInParallel = 1;
				LastSwiftUpdateCheck = 2610;
				LastUpgradeCheck = 2620;
				TargetAttributes = {
					26AE90C82EDF715800B2BE71 = {
						CreatedOnToolsVersion = 26.1.1;
					};
				};
			};
			buildConfigurationList = 26AE90C42EDF715800B2BE71 /* Build configuration list for PBXProject "uplift" */;
			developmentRegion = en;
			hasScannedForEncodings = 0;
			knownRegions = (
				en,
				Base,
			);
			mainGroup = 26AE90C02EDF715800B2BE71;
			minimizedProjectReferenceProxies = 1;
			preferredProjectObjectVersion = 77;
			productRefGroup = 26AE90CA2EDF715800B2BE71 /* Products */;
			projectDirPath = "";
			projectRoot = "";
			targets = (
				26AE90C82EDF715800B2BE71 /* uplift */,
			);
		};
/* End PBXProject section */

/* Begin PBXResourcesBuildPhase section */
		26AE90C72EDF715800B2BE71 /* Resources */ = {
			isa = PBXResourcesBuildPhase;
			buildActionMask = 2147483647;
			files = (
				26AE90D12EDF715C00B2BE71 /* Assets.xcassets in Resources */,
			);
			runOnlyForDeploymentPostprocessing = 0;
		};
/* End PBXResourcesBuildPhase section */

/* Begin PBXSourcesBuildPhase section */
		26AE90C52EDF715800B2BE71 /* Sources */ = {
			isa = PBXSourcesBuildPhase;
			buildActionMask = 2147483647;
			files = (
				262113FD2EE0D9AF00A041AD /* WorkoutLoggingView.swift in Sources */,
				2661CD882EE77D8500867E4D /* SearchButton.swift in Sources */,
				26D5EB742EE34AC400042FA0 /* GradientBorder.swift in Sources */,
				2612C8B92EF0B7AC00D9F626 /* PersonalBest.swift in Sources */,
				2661CD8A2EE77D8C00867E4D /* AddButton.swift in Sources */,
				26AE90CF2EDF715800B2BE71 /* ContentView.swift in Sources */,
				2661CD8E2EE77D9A00867E4D /* CancelButton.swift in Sources */,
				26AE90CD2EDF715800B2BE71 /* upliftApp.swift in Sources */,
				2612C8C92EF1AA4600D9F626 /* LocalDataSource.swift in Sources */,
				269686F42EE1E5FA00CEFB6F /* ExerciseDetailView.swift in Sources */,
				262113E22EE0C15C00A041AD /* Font+Extension.swift in Sources */,
				2612C8BB2EF0B7C600D9F626 /* DataPoint.swift in Sources */,
				2661CD8C2EE77D9400867E4D /* SaveButton.swift in Sources */,
				262479382EE1DB510029083B /* CreateEditTemplateView.swift in Sources */,
				2612C8C72EF1AA3C00D9F626 /* WorkoutRepository.swift in Sources */,
				2661CD862EE77D8000867E4D /* UserInitialsButton.swift in Sources */,
				26AE90DD2EE0A59200B2BE71 /* WorkoutSet.swift in Sources */,
				2661CD962EE77DB800867E4D /* HeaderTitle.swift in Sources */,
				2661CD982EE77DD200867E4D /* ToolbarConfig.swift in Sources */,
				26AE90E22EE0A74400B2BE71 /* HomeView.swift in Sources */,
				2612C8C82EF1AA4100D9F626 /* WorkoutRepositoryProtocol.swift in Sources */,
				262113E62EE0C76900A041AD /* WorkoutTemplate.swift in Sources */,
				268A6A832EF4A124000844F7 /* CloudDataSource.swift in Sources */,
				268A6A802EF49F16000844F7 /* SyncEngine.swift in Sources */,
				2612C8B72EF0B78000D9F626 /* ExerciseStats.swift in Sources */,
				269686FB2EE21F1400CEFB6F /* WorkoutManagers.swift in Sources */,
				262113E82EE0C77A00A041AD /* WorkoutSession.swift in Sources */,
				26AE90DC2EE0A58800B2BE71 /* Exercise.swift in Sources */,
				2661CD902EE77DA100867E4D /* BackButton.swift in Sources */,
				269686F82EE1E64D00CEFB6F /* ProgressCalculations.swift in Sources */,
				2661CD942EE77DAD00867E4D /* DoneButton.swift in Sources */,
				2661CD922EE77DA700867E4D /* MenuButton.swift in Sources */,
				269686F62EE1E60700CEFB6F /* ProgressView.swift in Sources */,
				262479342EE1D44A0029083B /* DummyData.swift in Sources */,
				262479362EE1DB330029083B /* TemplatesView.swift in Sources */,
				2661CD9F2EE7C61E00867E4D /* ActionButton.swift in Sources */,
			);
			runOnlyForDeploymentPostprocessing = 0;
		};
/* End PBXSourcesBuildPhase section */

/* Begin XCBuildConfiguration section */
		26AE90D22EDF715C00B2BE71 /* Debug */ = {
			isa = XCBuildConfiguration;
			buildSettings = {
				ALWAYS_SEARCH_USER_PATHS = NO;
				ASSETCATALOG_COMPILER_GENERATE_SWIFT_ASSET_SYMBOL_EXTENSIONS = YES;
				CLANG_ANALYZER_NONNULL = YES;
				CLANG_ANALYZER_NUMBER_OBJECT_CONVERSION = YES_AGGRESSIVE;
				CLANG_CXX_LANGUAGE_STANDARD = "gnu++20";
				CLANG_ENABLE_MODULES = YES;
				CLANG_ENABLE_OBJC_ARC = YES;
				CLANG_ENABLE_OBJC_WEAK = YES;
				CLANG_WARN_BLOCK_CAPTURE_AUTORELEASING = YES;
				CLANG_WARN_BOOL_CONVERSION = YES;
				CLANG_WARN_COMMA = YES;
				CLANG_WARN_CONSTANT_CONVERSION = YES;
				CLANG_WARN_DEPRECATED_OBJC_IMPLEMENTATIONS = YES;
				CLANG_WARN_DIRECT_OBJC_ISA_USAGE = YES_ERROR;
				CLANG_WARN_DOCUMENTATION_COMMENTS = YES;
				CLANG_WARN_EMPTY_BODY = YES;
				CLANG_WARN_ENUM_CONVERSION = YES;
				CLANG_WARN_INFINITE_RECURSION = YES;
				CLANG_WARN_INT_CONVERSION = YES;
				CLANG_WARN_NON_LITERAL_NULL_CONVERSION = YES;
				CLANG_WARN_OBJC_IMPLICIT_RETAIN_SELF = YES;
				CLANG_WARN_OBJC_LITERAL_CONVERSION = YES;
				CLANG_WARN_OBJC_ROOT_CLASS = YES_ERROR;
				CLANG_WARN_QUOTED_INCLUDE_IN_FRAMEWORK_HEADER = YES;
				CLANG_WARN_RANGE_LOOP_ANALYSIS = YES;
				CLANG_WARN_STRICT_PROTOTYPES = YES;
				CLANG_WARN_SUSPICIOUS_MOVE = YES;
				CLANG_WARN_UNGUARDED_AVAILABILITY = YES_AGGRESSIVE;
				CLANG_WARN_UNREACHABLE_CODE = YES;
				CLANG_WARN__DUPLICATE_METHOD_MATCH = YES;
				COPY_PHASE_STRIP = NO;
				DEBUG_INFORMATION_FORMAT = dwarf;
				DEVELOPMENT_TEAM = NS8CC9Z25V;
				ENABLE_STRICT_OBJC_MSGSEND = YES;
				ENABLE_TESTABILITY = YES;
				ENABLE_USER_SCRIPT_SANDBOXING = YES;
				GCC_C_LANGUAGE_STANDARD = gnu17;
				GCC_DYNAMIC_NO_PIC = NO;
				GCC_NO_COMMON_BLOCKS = YES;
				GCC_OPTIMIZATION_LEVEL = 0;
				GCC_PREPROCESSOR_DEFINITIONS = (
					"DEBUG=1",
					"$(inherited)",
				);
				GCC_WARN_64_TO_32_BIT_CONVERSION = YES;
				GCC_WARN_ABOUT_RETURN_TYPE = YES_ERROR;
				GCC_WARN_UNDECLARED_SELECTOR = YES;
				GCC_WARN_UNINITIALIZED_AUTOS = YES_AGGRESSIVE;
				GCC_WARN_UNUSED_FUNCTION = YES;
				GCC_WARN_UNUSED_VARIABLE = YES;
				IPHONEOS_DEPLOYMENT_TARGET = 26.1;
				LOCALIZATION_PREFERS_STRING_CATALOGS = YES;
				MTL_ENABLE_DEBUG_INFO = INCLUDE_SOURCE;
				MTL_FAST_MATH = YES;
				ONLY_ACTIVE_ARCH = YES;
				SDKROOT = iphoneos;
				STRING_CATALOG_GENERATE_SYMBOLS = YES;
				SWIFT_ACTIVE_COMPILATION_CONDITIONS = "DEBUG $(inherited)";
				SWIFT_OPTIMIZATION_LEVEL = "-Onone";
			};
			name = Debug;
		};
		26AE90D32EDF715C00B2BE71 /* Release */ = {
			isa = XCBuildConfiguration;
			buildSettings = {
				ALWAYS_SEARCH_USER_PATHS = NO;
				ASSETCATALOG_COMPILER_GENERATE_SWIFT_ASSET_SYMBOL_EXTENSIONS = YES;
				CLANG_ANALYZER_NONNULL = YES;
				CLANG_ANALYZER_NUMBER_OBJECT_CONVERSION = YES_AGGRESSIVE;
				CLANG_CXX_LANGUAGE_STANDARD = "gnu++20";
				CLANG_ENABLE_MODULES = YES;
				CLANG_ENABLE_OBJC_ARC = YES;
				CLANG_ENABLE_OBJC_WEAK = YES;
				CLANG_WARN_BLOCK_CAPTURE_AUTORELEASING = YES;
				CLANG_WARN_BOOL_CONVERSION = YES;
				CLANG_WARN_COMMA = YES;
				CLANG_WARN_CONSTANT_CONVERSION = YES;
				CLANG_WARN_DEPRECATED_OBJC_IMPLEMENTATIONS = YES;
				CLANG_WARN_DIRECT_OBJC_ISA_USAGE = YES_ERROR;
				CLANG_WARN_DOCUMENTATION_COMMENTS = YES;
				CLANG_WARN_EMPTY_BODY = YES;
				CLANG_WARN_ENUM_CONVERSION = YES;
				CLANG_WARN_INFINITE_RECURSION = YES;
				CLANG_WARN_INT_CONVERSION = YES;
				CLANG_WARN_NON_LITERAL_NULL_CONVERSION = YES;
				CLANG_WARN_OBJC_IMPLICIT_RETAIN_SELF = YES;
				CLANG_WARN_OBJC_LITERAL_CONVERSION = YES;
				CLANG_WARN_OBJC_ROOT_CLASS = YES_ERROR;
				CLANG_WARN_QUOTED_INCLUDE_IN_FRAMEWORK_HEADER = YES;
				CLANG_WARN_RANGE_LOOP_ANALYSIS = YES;
				CLANG_WARN_STRICT_PROTOTYPES = YES;
				CLANG_WARN_SUSPICIOUS_MOVE = YES;
				CLANG_WARN_UNGUARDED_AVAILABILITY = YES_AGGRESSIVE;
				CLANG_WARN_UNREACHABLE_CODE = YES;
				CLANG_WARN__DUPLICATE_METHOD_MATCH = YES;
				COPY_PHASE_STRIP = NO;
				DEBUG_INFORMATION_FORMAT = "dwarf-with-dsym";
				DEVELOPMENT_TEAM = NS8CC9Z25V;
				ENABLE_NS_ASSERTIONS = NO;
				ENABLE_STRICT_OBJC_MSGSEND = YES;
				ENABLE_USER_SCRIPT_SANDBOXING = YES;
				GCC_C_LANGUAGE_STANDARD = gnu17;
				GCC_NO_COMMON_BLOCKS = YES;
				GCC_WARN_64_TO_32_BIT_CONVERSION = YES;
				GCC_WARN_ABOUT_RETURN_TYPE = YES_ERROR;
				GCC_WARN_UNDECLARED_SELECTOR = YES;
				GCC_WARN_UNINITIALIZED_AUTOS = YES_AGGRESSIVE;
				GCC_WARN_UNUSED_FUNCTION = YES;
				GCC_WARN_UNUSED_VARIABLE = YES;
				IPHONEOS_DEPLOYMENT_TARGET = 26.1;
				LOCALIZATION_PREFERS_STRING_CATALOGS = YES;
				MTL_ENABLE_DEBUG_INFO = NO;
				MTL_FAST_MATH = YES;
				SDKROOT = iphoneos;
				STRING_CATALOG_GENERATE_SYMBOLS = YES;
				SWIFT_COMPILATION_MODE = wholemodule;
				VALIDATE_PRODUCT = YES;
			};
			name = Release;
		};
		26AE90D52EDF715C00B2BE71 /* Debug */ = {
			isa = XCBuildConfiguration;
			buildSettings = {
				ASSETCATALOG_COMPILER_APPICON_NAME = AppIcon;
				ASSETCATALOG_COMPILER_GLOBAL_ACCENT_COLOR_NAME = AccentColor;
				CODE_SIGN_ENTITLEMENTS = uplift.entitlements;
				CODE_SIGN_STYLE = Automatic;
				CURRENT_PROJECT_VERSION = 1;
				ENABLE_PREVIEWS = YES;
				GENERATE_INFOPLIST_FILE = YES;
				INFOPLIST_KEY_UIApplicationSceneManifest_Generation = YES;
				INFOPLIST_KEY_UIApplicationSupportsIndirectInputEvents = YES;
				INFOPLIST_KEY_UILaunchScreen_Generation = YES;
				INFOPLIST_KEY_UISupportedInterfaceOrientations_iPad = "UIInterfaceOrientationPortrait UIInterfaceOrientationPortraitUpsideDown UIInterfaceOrientationLandscapeLeft UIInterfaceOrientationLandscapeRight";
				INFOPLIST_KEY_UISupportedInterfaceOrientations_iPhone = "UIInterfaceOrientationPortrait UIInterfaceOrientationLandscapeLeft UIInterfaceOrientationLandscapeRight";
				LD_RUNPATH_SEARCH_PATHS = (
					"$(inherited)",
					"@executable_path/Frameworks",
				);
				MARKETING_VERSION = 1.0;
				PRODUCT_BUNDLE_IDENTIFIER = com.ruitaochen.uplift;
				PRODUCT_NAME = "$(TARGET_NAME)";
				STRING_CATALOG_GENERATE_SYMBOLS = YES;
				SWIFT_APPROACHABLE_CONCURRENCY = YES;
				SWIFT_DEFAULT_ACTOR_ISOLATION = MainActor;
				SWIFT_EMIT_LOC_STRINGS = YES;
				SWIFT_UPCOMING_FEATURE_MEMBER_IMPORT_VISIBILITY = YES;
				SWIFT_VERSION = 5.0;
				TARGETED_DEVICE_FAMILY = "1,2";
			};
			name = Debug;
		};
		26AE90D62EDF715C00B2BE71 /* Release */ = {
			isa = XCBuildConfiguration;
			buildSettings = {
				ASSETCATALOG_COMPILER_APPICON_NAME = AppIcon;
				ASSETCATALOG_COMPILER_GLOBAL_ACCENT_COLOR_NAME = AccentColor;
				CODE_SIGN_ENTITLEMENTS = uplift.entitlements;
				CODE_SIGN_STYLE = Automatic;
				CURRENT_PROJECT_VERSION = 1;
				ENABLE_PREVIEWS = YES;
				GENERATE_INFOPLIST_FILE = YES;
				INFOPLIST_KEY_UIApplicationSceneManifest_Generation = YES;
				INFOPLIST_KEY_UIApplicationSupportsIndirectInputEvents = YES;
				INFOPLIST_KEY_UILaunchScreen_Generation = YES;
				INFOPLIST_KEY_UISupportedInterfaceOrientations_iPad = "UIInterfaceOrientationPortrait UIInterfaceOrientationPortraitUpsideDown UIInterfaceOrientationLandscapeLeft UIInterfaceOrientationLandscapeRight";
				INFOPLIST_KEY_UISupportedInterfaceOrientations_iPhone = "UIInterfaceOrientationPortrait UIInterfaceOrientationLandscapeLeft UIInterfaceOrientationLandscapeRight";
				LD_RUNPATH_SEARCH_PATHS = (
					"$(inherited)",
					"@executable_path/Frameworks",
				);
				MARKETING_VERSION = 1.0;
				PRODUCT_BUNDLE_IDENTIFIER = com.ruitaochen.uplift;
				PRODUCT_NAME = "$(TARGET_NAME)";
				STRING_CATALOG_GENERATE_SYMBOLS = YES;
				SWIFT_APPROACHABLE_CONCURRENCY = YES;
				SWIFT_DEFAULT_ACTOR_ISOLATION = MainActor;
				SWIFT_EMIT_LOC_STRINGS = YES;
				SWIFT_UPCOMING_FEATURE_MEMBER_IMPORT_VISIBILITY = YES;
				SWIFT_VERSION = 5.0;
				TARGETED_DEVICE_FAMILY = "1,2";
			};
			name = Release;
		};
/* End XCBuildConfiguration section */

/* Begin XCConfigurationList section */
		26AE90C42EDF715800B2BE71 /* Build configuration list for PBXProject "uplift" */ = {
			isa = XCConfigurationList;
			buildConfigurations = (
				26AE90D22EDF715C00B2BE71 /* Debug */,
				26AE90D32EDF715C00B2BE71 /* Release */,
			);
			defaultConfigurationIsVisible = 0;
			defaultConfigurationName = Release;
		};
		26AE90D42EDF715C00B2BE71 /* Build configuration list for PBXNativeTarget "uplift" */ = {
			isa = XCConfigurationList;
			buildConfigurations = (
				26AE90D52EDF715C00B2BE71 /* Debug */,
				26AE90D62EDF715C00B2BE71 /* Release */,
			);
			defaultConfigurationIsVisible = 0;
			defaultConfigurationName = Release;
		};
/* End XCConfigurationList section */
	};
	rootObject = 26AE90C12EDF715800B2BE71 /* Project object */;
}
